<?xml version="1.0" encoding="utf-8"?>
<Project ToolsVersion="4.0" xmlns="http://schemas.microsoft.com/developer/msbuild/2003">
  <ItemGroup>
    <Filter Include="Source Files">
      <UniqueIdentifier>{4FC737F1-C7A5-4376-A066-2A32D752A2FF}</UniqueIdentifier>
      <Extensions>cpp;c;cc;cxx;def;odl;idl;hpj;bat;asm;asmx</Extensions>
    </Filter>
    <Filter Include="Header Files">
      <UniqueIdentifier>{93995380-89BD-4b04-88EB-625FBE52EBFB}</UniqueIdentifier>
      <Extensions>h;hh;hpp;hxx;hm;inl;inc;ipp;xsd</Extensions>
    </Filter>
    <Filter Include="Resource Files">
      <UniqueIdentifier>{67DA6AB6-F800-4c08-8B7A-83BB121AAD01}</UniqueIdentifier>
      <Extensions>rc;ico;cur;bmp;dlg;rc2;rct;bin;rgs;gif;jpg;jpeg;jpe;resx;tiff;tif;png;wav;mfcribbon-ms</Extensions>
    </Filter>
    <Filter Include="Debouce">
      <UniqueIdentifier>{e07aa931-974c-4655-a34c-2cb6ae4e00bf}</UniqueIdentifier>
    </Filter>
    <Filter Include="Objects">
      <UniqueIdentifier>{9b027ab8-1dcf-4bc8-830d-75d556d43dbe}</UniqueIdentifier>
    </Filter>
    <Filter Include="State01">
      <UniqueIdentifier>{751f6abf-b716-4c00-8fde-4241648935bb}</UniqueIdentifier>
    </Filter>
    <Filter Include="sceneValiable">
      <UniqueIdentifier>{dd218fe2-c5ec-4dbb-bf83-b3797d117904}</UniqueIdentifier>
    </Filter>
    <Filter Include="MainMenu">
      <UniqueIdentifier>{6e601f13-1cbe-44c5-8893-7988a5b6b82d}</UniqueIdentifier>
    </Filter>
    <Filter Include="TimeBar">
      <UniqueIdentifier>{074d4b6c-fb7b-495f-ba13-b7b3007758d9}</UniqueIdentifier>
    </Filter>
    <Filter Include="ScoreState">
      <UniqueIdentifier>{d84c848d-5283-48a7-8934-893211020caf}</UniqueIdentifier>
    </Filter>
  </ItemGroup>
  <ItemGroup>
    <ClCompile Include="main.cpp">
      <Filter>Source Files</Filter>
    </ClCompile>
    <ClCompile Include="Animation.cpp">
      <Filter>Source Files</Filter>
    </ClCompile>
    <ClCompile Include="Player.cpp">
      <Filter>Source Files</Filter>
    </ClCompile>
    <ClCompile Include="SoundManager.cpp">
      <Filter>Source Files</Filter>
    </ClCompile>
    <ClCompile Include="Collider.cpp">
      <Filter>Source Files</Filter>
    </ClCompile>
    <ClCompile Include="Platform.cpp">
      <Filter>Source Files</Filter>
    </ClCompile>
    <ClCompile Include="Trigger.cpp">
      <Filter>Source Files</Filter>
    </ClCompile>
    <ClCompile Include="Chair.cpp">
      <Filter>Objects</Filter>
    </ClCompile>
    <ClCompile Include="debouce.cpp">
      <Filter>Debouce</Filter>
    </ClCompile>
    <ClCompile Include="itemDrop.cpp">
      <Filter>Objects</Filter>
    </ClCompile>
    <ClCompile Include="Teacher.cpp">
      <Filter>Source Files</Filter>
    </ClCompile>
    <ClCompile Include="Game.cpp">
      <Filter>Source Files</Filter>
    </ClCompile>
    <ClCompile Include="SceneState01.cpp">
      <Filter>State01</Filter>
    </ClCompile>
    <ClCompile Include="Student.cpp">
      <Filter>Source Files</Filter>
    </ClCompile>
    <ClCompile Include="Inventory.cpp">
      <Filter>Source Files</Filter>
    </ClCompile>
    <ClCompile Include="items.cpp">
      <Filter>Objects</Filter>
    </ClCompile>
    <ClCompile Include="MainValiable.cpp">
      <Filter>sceneValiable</Filter>
    </ClCompile>
    <ClCompile Include="MainMenu.cpp">
      <Filter>MainMenu</Filter>
    </ClCompile>
    <ClCompile Include="Button.cpp">
      <Filter>Source Files</Filter>
    </ClCompile>
    <ClCompile Include="timeBar.cpp">
      <Filter>TimeBar</Filter>
    </ClCompile>
    <ClCompile Include="ScoreState.cpp">
      <Filter>ScoreState</Filter>
    </ClCompile>
  </ItemGroup>
  <ItemGroup>
    <ClInclude Include="Animation.h">
      <Filter>Header Files</Filter>
    </ClInclude>
    <ClInclude Include="Player.h">
      <Filter>Header Files</Filter>
    </ClInclude>
    <ClInclude Include="SoundManager.h">
      <Filter>Header Files</Filter>
    </ClInclude>
    <ClInclude Include="Collider.h">
      <Filter>Header Files</Filter>
    </ClInclude>
    <ClInclude Include="Platform.h">
      <Filter>Header Files</Filter>
    </ClInclude>
    <ClInclude Include="Trigger.h">
      <Filter>Header Files</Filter>
    </ClInclude>
    <ClInclude Include="Chair.h">
      <Filter>Objects</Filter>
    </ClInclude>
    <ClInclude Include="debouce.h">
      <Filter>Debouce</Filter>
    </ClInclude>
    <ClInclude Include="itemDrop.h">
      <Filter>Objects</Filter>
    </ClInclude>
    <ClInclude Include="Teacher.h">
      <Filter>Header Files</Filter>
    </ClInclude>
    <ClInclude Include="Game.h">
      <Filter>Header Files</Filter>
    </ClInclude>
    <ClInclude Include="SceneState01.h">
      <Filter>State01</Filter>
    </ClInclude>
    <ClInclude Include="Student.h">
      <Filter>Header Files</Filter>
    </ClInclude>
    <ClInclude Include="Inventory.h">
      <Filter>Header Files</Filter>
    </ClInclude>
    <ClInclude Include="items.h">
      <Filter>Objects</Filter>
    </ClInclude>
    <ClInclude Include="MainValiable.h">
      <Filter>sceneValiable</Filter>
    </ClInclude>
    <ClInclude Include="MainMenu.h">
      <Filter>MainMenu</Filter>
    </ClInclude>
    <ClInclude Include="Button.h">
      <Filter>Header Files</Filter>
    </ClInclude>
    <ClInclude Include="timeBar.h">
      <Filter>TimeBar</Filter>
    </ClInclude>
    <ClInclude Include="ScoreState.h">
      <Filter>ScoreState</Filter>
    </ClInclude>
  </ItemGroup>
</Project>